
Microsoft Visual Studio Solution File, Format Version 11.00
# Visual Studio 2010
Project("{E17AB4A1-DF35-4579-9E91-0CFFBFB6391A}") = "GandhiProject", "GandhiProject.ucproj", "{90EA168C-40C7-44B4-9A5B-55617D60E3EB}"
EndProject
Global
	GlobalSection(SolutionConfigurationPlatforms) = preSolution
		Debug|Win32 = Debug|Win32
		Release|Win32 = Release|Win32
	EndGlobalSection
	GlobalSection(ProjectConfigurationPlatforms) = postSolution
		{90EA168C-40C7-44B4-9A5B-55617D60E3EB}.Debug|Win32.ActiveCfg = Debug|Win32
		{90EA168C-40C7-44B4-9A5B-55617D60E3EB}.Debug|Win32.Build.0 = Debug|Win32
		{90EA168C-40C7-44B4-9A5B-55617D60E3EB}.Release|Win32.ActiveCfg = Release|Win32
		{90EA168C-40C7-44B4-9A5B-55617D60E3EB}.Release|Win32.Build.0 = Release|Win32
	EndGlobalSection
	GlobalSection(SolutionProperties) = preSolution
		HideSolutionNode = FALSE
	EndGlobalSection
EndGlobal
